// !$*UTF8*$!
{
	archiveVersion = 1;
	classes = {
	};
	objectVersion = 46;
	objects = {

/* Begin PBXBuildFile section */
		936A6D602D879F6BA7A7230F /* Pods_FFDB.framework in Frameworks */ = {isa = PBXBuildFile; fileRef = 9411C3043211AE7CA790CB34 /* Pods_FFDB.framework */; };
		9A32CAAB1E82C58A0097324D /* AppDelegate.m in Sources */ = {isa = PBXBuildFile; fileRef = 9A32CAAA1E82C58A0097324D /* AppDelegate.m */; };
		9A32CAAE1E82C58A0097324D /* ClassRoomViewController.m in Sources */ = {isa = PBXBuildFile; fileRef = 9A32CAAD1E82C58A0097324D /* ClassRoomViewController.m */; };
		9A32CAB11E82C58A0097324D /* Main.storyboard in Resources */ = {isa = PBXBuildFile; fileRef = 9A32CAAF1E82C58A0097324D /* Main.storyboard */; };
		9A32CAB31E82C58A0097324D /* Assets.xcassets in Resources */ = {isa = PBXBuildFile; fileRef = 9A32CAB21E82C58A0097324D /* Assets.xcassets */; };
		9A32CAB61E82C58A0097324D /* LaunchScreen.storyboard in Resources */ = {isa = PBXBuildFile; fileRef = 9A32CAB41E82C58A0097324D /* LaunchScreen.storyboard */; };
		9A32CB041E82C69D0097324D /* libsqlite3.0.tbd in Frameworks */ = {isa = PBXBuildFile; fileRef = 9A32CB031E82C69D0097324D /* libsqlite3.0.tbd */; };
		9AB7B9801E94003C001D837B /* main.m in Sources */ = {isa = PBXBuildFile; fileRef = 9AB7B97F1E94003C001D837B /* main.m */; };
		9AB7B9851E940053001D837B /* FIDDataBaseModel.m in Sources */ = {isa = PBXBuildFile; fileRef = 9AB7B9821E940053001D837B /* FIDDataBaseModel.m */; };
		9AB7B9861E940053001D837B /* NSObject+FIDProperty.m in Sources */ = {isa = PBXBuildFile; fileRef = 9AB7B9841E940053001D837B /* NSObject+FIDProperty.m */; };
		9AE672111E88020900F2AB6C /* ClassRoom.m in Sources */ = {isa = PBXBuildFile; fileRef = 9AE672101E88020900F2AB6C /* ClassRoom.m */; };
/* End PBXBuildFile section */

/* Begin PBXContainerItemProxy section */
		9A32CABD1E82C58A0097324D /* PBXContainerItemProxy */ = {
			isa = PBXContainerItemProxy;
			containerPortal = 9A32CA9B1E82C58A0097324D /* Project object */;
			proxyType = 1;
			remoteGlobalIDString = 9A32CAA21E82C58A0097324D;
			remoteInfo = FIDDB;
		};
		9A32CAC81E82C58A0097324D /* PBXContainerItemProxy */ = {
			isa = PBXContainerItemProxy;
			containerPortal = 9A32CA9B1E82C58A0097324D /* Project object */;
			proxyType = 1;
			remoteGlobalIDString = 9A32CAA21E82C58A0097324D;
			remoteInfo = FIDDB;
		};
/* End PBXContainerItemProxy section */

/* Begin PBXFileReference section */
		1A7F6BC5AE4C00DBDD5385CE /* Pods-FFDB.debug.xcconfig */ = {isa = PBXFileReference; includeInIndex = 1; lastKnownFileType = text.xcconfig; name = "Pods-FFDB.debug.xcconfig"; path = "Pods/Target Support Files/Pods-FFDB/Pods-FFDB.debug.xcconfig"; sourceTree = "<group>"; };
		9411C3043211AE7CA790CB34 /* Pods_FFDB.framework */ = {isa = PBXFileReference; explicitFileType = wrapper.framework; includeInIndex = 0; path = Pods_FFDB.framework; sourceTree = BUILT_PRODUCTS_DIR; };
		9A32CAA31E82C58A0097324D /* FFDB.app */ = {isa = PBXFileReference; explicitFileType = wrapper.application; includeInIndex = 0; path = FFDB.app; sourceTree = BUILT_PRODUCTS_DIR; };
		9A32CAA71E82C58A0097324D /* main.m */ = {isa = PBXFileReference; lastKnownFileType = sourcecode.c.objc; path = main.m; sourceTree = "<group>"; };
		9A32CAA91E82C58A0097324D /* AppDelegate.h */ = {isa = PBXFileReference; lastKnownFileType = sourcecode.c.h; name = AppDelegate.h; path = ../Example/AppDelegate.h; sourceTree = "<group>"; };
		9A32CAAA1E82C58A0097324D /* AppDelegate.m */ = {isa = PBXFileReference; lastKnownFileType = sourcecode.c.objc; name = AppDelegate.m; path = ../Example/AppDelegate.m; sourceTree = "<group>"; };
		9A32CAAC1E82C58A0097324D /* ClassRoomViewController.h */ = {isa = PBXFileReference; lastKnownFileType = sourcecode.c.h; name = ClassRoomViewController.h; path = ../Example/ClassRoomViewController.h; sourceTree = "<group>"; };
		9A32CAAD1E82C58A0097324D /* ClassRoomViewController.m */ = {isa = PBXFileReference; lastKnownFileType = sourcecode.c.objc; name = ClassRoomViewController.m; path = ../Example/ClassRoomViewController.m; sourceTree = "<group>"; };
		9A32CAB01E82C58A0097324D /* Base */ = {isa = PBXFileReference; lastKnownFileType = file.storyboard; name = Base; path = Base.lproj/Main.storyboard; sourceTree = "<group>"; };
		9A32CAB21E82C58A0097324D /* Assets.xcassets */ = {isa = PBXFileReference; lastKnownFileType = folder.assetcatalog; name = Assets.xcassets; path = ../Example/Assets.xcassets; sourceTree = "<group>"; };
		9A32CAB51E82C58A0097324D /* Base */ = {isa = PBXFileReference; lastKnownFileType = file.storyboard; name = Base; path = Base.lproj/LaunchScreen.storyboard; sourceTree = "<group>"; };
		9A32CABC1E82C58A0097324D /* FFDBTests.xctest */ = {isa = PBXFileReference; explicitFileType = wrapper.cfbundle; includeInIndex = 0; path = FFDBTests.xctest; sourceTree = BUILT_PRODUCTS_DIR; };
		9A32CAC71E82C58A0097324D /* FFDBUITests.xctest */ = {isa = PBXFileReference; explicitFileType = wrapper.cfbundle; includeInIndex = 0; path = FFDBUITests.xctest; sourceTree = BUILT_PRODUCTS_DIR; };
		9A32CB031E82C69D0097324D /* libsqlite3.0.tbd */ = {isa = PBXFileReference; lastKnownFileType = "sourcecode.text-based-dylib-definition"; name = libsqlite3.0.tbd; path = usr/lib/libsqlite3.0.tbd; sourceTree = SDKROOT; };
		9A755F711E8D78BD00B2A4B5 /* Info.plist */ = {isa = PBXFileReference; fileEncoding = 4; lastKnownFileType = text.plist.xml; name = Info.plist; path = ../Example/Info.plist; sourceTree = "<group>"; };
		9AB7B97F1E94003C001D837B /* main.m */ = {isa = PBXFileReference; fileEncoding = 4; lastKnownFileType = sourcecode.c.objc; path = main.m; sourceTree = "<group>"; };
		9AB7B9811E940053001D837B /* FIDDataBaseModel.h */ = {isa = PBXFileReference; fileEncoding = 4; lastKnownFileType = sourcecode.c.h; path = FIDDataBaseModel.h; sourceTree = "<group>"; };
		9AB7B9821E940053001D837B /* FIDDataBaseModel.m */ = {isa = PBXFileReference; fileEncoding = 4; lastKnownFileType = sourcecode.c.objc; path = FIDDataBaseModel.m; sourceTree = "<group>"; };
		9AB7B9831E940053001D837B /* NSObject+FIDProperty.h */ = {isa = PBXFileReference; fileEncoding = 4; lastKnownFileType = sourcecode.c.h; path = "NSObject+FIDProperty.h"; sourceTree = "<group>"; };
		9AB7B9841E940053001D837B /* NSObject+FIDProperty.m */ = {isa = PBXFileReference; fileEncoding = 4; lastKnownFileType = sourcecode.c.objc; path = "NSObject+FIDProperty.m"; sourceTree = "<group>"; };
		9AC88E881E9A04B500A25688 /* FFDB.h */ = {isa = PBXFileReference; lastKnownFileType = sourcecode.c.h; path = FFDB.h; sourceTree = "<group>"; };
		9AE6720F1E88020900F2AB6C /* ClassRoom.h */ = {isa = PBXFileReference; fileEncoding = 4; lastKnownFileType = sourcecode.c.h; name = ClassRoom.h; path = ../Example/ClassRoom.h; sourceTree = "<group>"; };
		9AE672101E88020900F2AB6C /* ClassRoom.m */ = {isa = PBXFileReference; fileEncoding = 4; lastKnownFileType = sourcecode.c.objc; name = ClassRoom.m; path = ../Example/ClassRoom.m; sourceTree = "<group>"; };
		CC342B4CDF9D60DDBF2363A2 /* Pods-FFDB.release.xcconfig */ = {isa = PBXFileReference; includeInIndex = 1; lastKnownFileType = text.xcconfig; name = "Pods-FFDB.release.xcconfig"; path = "Pods/Target Support Files/Pods-FFDB/Pods-FFDB.release.xcconfig"; sourceTree = "<group>"; };
/* End PBXFileReference section */

/* Begin PBXFrameworksBuildPhase section */
		9A32CAA01E82C58A0097324D /* Frameworks */ = {
			isa = PBXFrameworksBuildPhase;
			buildActionMask = 2147483647;
			files = (
				9A32CB041E82C69D0097324D /* libsqlite3.0.tbd in Frameworks */,
				936A6D602D879F6BA7A7230F /* Pods_FFDB.framework in Frameworks */,
			);
			runOnlyForDeploymentPostprocessing = 0;
		};
		9A32CAB91E82C58A0097324D /* Frameworks */ = {
			isa = PBXFrameworksBuildPhase;
			buildActionMask = 2147483647;
			files = (
			);
			runOnlyForDeploymentPostprocessing = 0;
		};
		9A32CAC41E82C58A0097324D /* Frameworks */ = {
			isa = PBXFrameworksBuildPhase;
			buildActionMask = 2147483647;
			files = (
			);
			runOnlyForDeploymentPostprocessing = 0;
		};
/* End PBXFrameworksBuildPhase section */

/* Begin PBXGroup section */
		6625CD5F6D6E30292DF9EA8A /* Pods */ = {
			isa = PBXGroup;
			children = (
				1A7F6BC5AE4C00DBDD5385CE /* Pods-FFDB.debug.xcconfig */,
				CC342B4CDF9D60DDBF2363A2 /* Pods-FFDB.release.xcconfig */,
			);
			name = Pods;
			sourceTree = "<group>";
		};
		9A32CA9A1E82C58A0097324D = {
			isa = PBXGroup;
			children = (
				9A32CAA51E82C58A0097324D /* FFDB */,
				9A32CAA41E82C58A0097324D /* Products */,
				9A32CB021E82C69D0097324D /* Frameworks */,
				6625CD5F6D6E30292DF9EA8A /* Pods */,
			);
			sourceTree = "<group>";
		};
		9A32CAA41E82C58A0097324D /* Products */ = {
			isa = PBXGroup;
			children = (
				9A32CAA31E82C58A0097324D /* FFDB.app */,
				9A32CABC1E82C58A0097324D /* FFDBTests.xctest */,
				9A32CAC71E82C58A0097324D /* FFDBUITests.xctest */,
			);
			name = Products;
			sourceTree = "<group>";
		};
		9A32CAA51E82C58A0097324D /* FFDB */ = {
			isa = PBXGroup;
			children = (
				9AB7B97E1E93FFF0001D837B /* Example */,
				9AB7B97D1E93FFB3001D837B /* FFDB */,
				9A32CAA61E82C58A0097324D /* Supporting Files */,
			);
			path = FFDB;
			sourceTree = "<group>";
		};
		9A32CAA61E82C58A0097324D /* Supporting Files */ = {
			isa = PBXGroup;
			children = (
				9A32CAA71E82C58A0097324D /* main.m */,
			);
			name = "Supporting Files";
			sourceTree = "<group>";
		};
		9A32CB021E82C69D0097324D /* Frameworks */ = {
			isa = PBXGroup;
			children = (
				9A32CB031E82C69D0097324D /* libsqlite3.0.tbd */,
				9411C3043211AE7CA790CB34 /* Pods_FFDB.framework */,
			);
			name = Frameworks;
			sourceTree = "<group>";
		};
		9AB7B97D1E93FFB3001D837B /* FFDB */ = {
			isa = PBXGroup;
			children = (
				9AC88E881E9A04B500A25688 /* FFDB.h */,
				9AB7B9811E940053001D837B /* FIDDataBaseModel.h */,
				9AB7B9821E940053001D837B /* FIDDataBaseModel.m */,
				9AB7B9831E940053001D837B /* NSObject+FIDProperty.h */,
				9AB7B9841E940053001D837B /* NSObject+FIDProperty.m */,
			);
			name = FFDB;
			sourceTree = "<group>";
		};
		9AB7B97E1E93FFF0001D837B /* Example */ = {
			isa = PBXGroup;
			children = (
				9AB7B97F1E94003C001D837B /* main.m */,
				9A32CAA91E82C58A0097324D /* AppDelegate.h */,
				9A32CAAA1E82C58A0097324D /* AppDelegate.m */,
				9A32CAAC1E82C58A0097324D /* ClassRoomViewController.h */,
				9A32CAAD1E82C58A0097324D /* ClassRoomViewController.m */,
				9AE6720F1E88020900F2AB6C /* ClassRoom.h */,
				9AE672101E88020900F2AB6C /* ClassRoom.m */,
				9A32CAAF1E82C58A0097324D /* Main.storyboard */,
				9A32CAB21E82C58A0097324D /* Assets.xcassets */,
				9A32CAB41E82C58A0097324D /* LaunchScreen.storyboard */,
				9A755F711E8D78BD00B2A4B5 /* Info.plist */,
			);
			name = Example;
			path = ../Example;
			sourceTree = "<group>";
		};
/* End PBXGroup section */

/* Begin PBXNativeTarget section */
		9A32CAA21E82C58A0097324D /* FFDB */ = {
			isa = PBXNativeTarget;
			buildConfigurationList = 9A32CAD01E82C58A0097324D /* Build configuration list for PBXNativeTarget "FFDB" */;
			buildPhases = (
				B6E03EF3C2B0131C34E36D8C /* [CP] Check Pods Manifest.lock */,
				9A32CA9F1E82C58A0097324D /* Sources */,
				9A32CAA01E82C58A0097324D /* Frameworks */,
				9A32CAA11E82C58A0097324D /* Resources */,
				D0A410D42C6ECC3C750DC3E5 /* [CP] Embed Pods Frameworks */,
				D3FAAB043F6AF68531B5695F /* [CP] Copy Pods Resources */,
			);
			buildRules = (
			);
			dependencies = (
			);
			name = FFDB;
			productName = FIDDB;
			productReference = 9A32CAA31E82C58A0097324D /* FFDB.app */;
			productType = "com.apple.product-type.application";
		};
		9A32CABB1E82C58A0097324D /* FFDBTests */ = {
			isa = PBXNativeTarget;
			buildConfigurationList = 9A32CAD31E82C58A0097324D /* Build configuration list for PBXNativeTarget "FFDBTests" */;
			buildPhases = (
				9A32CAB81E82C58A0097324D /* Sources */,
				9A32CAB91E82C58A0097324D /* Frameworks */,
				9A32CABA1E82C58A0097324D /* Resources */,
			);
			buildRules = (
			);
			dependencies = (
				9A32CABE1E82C58A0097324D /* PBXTargetDependency */,
			);
			name = FFDBTests;
			productName = FIDDBTests;
			productReference = 9A32CABC1E82C58A0097324D /* FFDBTests.xctest */;
			productType = "com.apple.product-type.bundle.unit-test";
		};
		9A32CAC61E82C58A0097324D /* FFDBUITests */ = {
			isa = PBXNativeTarget;
			buildConfigurationList = 9A32CAD61E82C58A0097324D /* Build configuration list for PBXNativeTarget "FFDBUITests" */;
			buildPhases = (
				9A32CAC31E82C58A0097324D /* Sources */,
				9A32CAC41E82C58A0097324D /* Frameworks */,
				9A32CAC51E82C58A0097324D /* Resources */,
			);
			buildRules = (
			);
			dependencies = (
				9A32CAC91E82C58A0097324D /* PBXTargetDependency */,
			);
			name = FFDBUITests;
			productName = FIDDBUITests;
			productReference = 9A32CAC71E82C58A0097324D /* FFDBUITests.xctest */;
			productType = "com.apple.product-type.bundle.ui-testing";
		};
/* End PBXNativeTarget section */

/* Begin PBXProject section */
		9A32CA9B1E82C58A0097324D /* Project object */ = {
			isa = PBXProject;
			attributes = {
				LastUpgradeCheck = 0830;
				ORGANIZATIONNAME = Fidetro;
				TargetAttributes = {
					9A32CAA21E82C58A0097324D = {
						CreatedOnToolsVersion = 8.2.1;
						DevelopmentTeam = J3BJ7G2PUN;
						ProvisioningStyle = Automatic;
					};
					9A32CABB1E82C58A0097324D = {
						CreatedOnToolsVersion = 8.2.1;
						DevelopmentTeam = J3BJ7G2PUN;
						ProvisioningStyle = Automatic;
						TestTargetID = 9A32CAA21E82C58A0097324D;
					};
					9A32CAC61E82C58A0097324D = {
						CreatedOnToolsVersion = 8.2.1;
						DevelopmentTeam = J3BJ7G2PUN;
						ProvisioningStyle = Automatic;
						TestTargetID = 9A32CAA21E82C58A0097324D;
					};
				};
			};
			buildConfigurationList = 9A32CA9E1E82C58A0097324D /* Build configuration list for PBXProject "FFDB" */;
			compatibilityVersion = "Xcode 3.2";
			developmentRegion = English;
			hasScannedForEncodings = 0;
			knownRegions = (
				en,
				Base,
			);
			mainGroup = 9A32CA9A1E82C58A0097324D;
			productRefGroup = 9A32CAA41E82C58A0097324D /* Products */;
			projectDirPath = "";
			projectRoot = "";
			targets = (
				9A32CAA21E82C58A0097324D /* FFDB */,
				9A32CABB1E82C58A0097324D /* FFDBTests */,
				9A32CAC61E82C58A0097324D /* FFDBUITests */,
			);
		};
/* End PBXProject section */

/* Begin PBXResourcesBuildPhase section */
		9A32CAA11E82C58A0097324D /* Resources */ = {
			isa = PBXResourcesBuildPhase;
			buildActionMask = 2147483647;
			files = (
				9A32CAB61E82C58A0097324D /* LaunchScreen.storyboard in Resources */,
				9A32CAB31E82C58A0097324D /* Assets.xcassets in Resources */,
				9A32CAB11E82C58A0097324D /* Main.storyboard in Resources */,
			);
			runOnlyForDeploymentPostprocessing = 0;
		};
		9A32CABA1E82C58A0097324D /* Resources */ = {
			isa = PBXResourcesBuildPhase;
			buildActionMask = 2147483647;
			files = (
			);
			runOnlyForDeploymentPostprocessing = 0;
		};
		9A32CAC51E82C58A0097324D /* Resources */ = {
			isa = PBXResourcesBuildPhase;
			buildActionMask = 2147483647;
			files = (
			);
			runOnlyForDeploymentPostprocessing = 0;
		};
/* End PBXResourcesBuildPhase section */

/* Begin PBXShellScriptBuildPhase section */
		B6E03EF3C2B0131C34E36D8C /* [CP] Check Pods Manifest.lock */ = {
			isa = PBXShellScriptBuildPhase;
			buildActionMask = 2147483647;
			files = (
			);
			inputPaths = (
			);
			name = "[CP] Check Pods Manifest.lock";
			outputPaths = (
			);
			runOnlyForDeploymentPostprocessing = 0;
			shellPath = /bin/sh;
			shellScript = "diff \"${PODS_ROOT}/../Podfile.lock\" \"${PODS_ROOT}/Manifest.lock\" > /dev/null\nif [ $? != 0 ] ; then\n    # print error to STDERR\n    echo \"error: The sandbox is not in sync with the Podfile.lock. Run 'pod install' or update your CocoaPods installation.\" >&2\n    exit 1\nfi\n";
			showEnvVarsInLog = 0;
		};
		D0A410D42C6ECC3C750DC3E5 /* [CP] Embed Pods Frameworks */ = {
			isa = PBXShellScriptBuildPhase;
			buildActionMask = 2147483647;
			files = (
			);
			inputPaths = (
			);
			name = "[CP] Embed Pods Frameworks";
			outputPaths = (
			);
			runOnlyForDeploymentPostprocessing = 0;
			shellPath = /bin/sh;
			shellScript = "\"${SRCROOT}/Pods/Target Support Files/Pods-FFDB/Pods-FFDB-frameworks.sh\"\n";
			showEnvVarsInLog = 0;
		};
		D3FAAB043F6AF68531B5695F /* [CP] Copy Pods Resources */ = {
			isa = PBXShellScriptBuildPhase;
			buildActionMask = 2147483647;
			files = (
			);
			inputPaths = (
			);
			name = "[CP] Copy Pods Resources";
			outputPaths = (
			);
			runOnlyForDeploymentPostprocessing = 0;
			shellPath = /bin/sh;
			shellScript = "\"${SRCROOT}/Pods/Target Support Files/Pods-FFDB/Pods-FFDB-resources.sh\"\n";
			showEnvVarsInLog = 0;
		};
/* End PBXShellScriptBuildPhase section */

/* Begin PBXSourcesBuildPhase section */
		9A32CA9F1E82C58A0097324D /* Sources */ = {
			isa = PBXSourcesBuildPhase;
			buildActionMask = 2147483647;
			files = (
				9AB7B9801E94003C001D837B /* main.m in Sources */,
				9A32CAAE1E82C58A0097324D /* ClassRoomViewController.m in Sources */,
				9AB7B9861E940053001D837B /* NSObject+FIDProperty.m in Sources */,
				9AB7B9851E940053001D837B /* FIDDataBaseModel.m in Sources */,
				9A32CAAB1E82C58A0097324D /* AppDelegate.m in Sources */,
				9AE672111E88020900F2AB6C /* ClassRoom.m in Sources */,
			);
			runOnlyForDeploymentPostprocessing = 0;
		};
		9A32CAB81E82C58A0097324D /* Sources */ = {
			isa = PBXSourcesBuildPhase;
			buildActionMask = 2147483647;
			files = (
			);
			runOnlyForDeploymentPostprocessing = 0;
		};
		9A32CAC31E82C58A0097324D /* Sources */ = {
			isa = PBXSourcesBuildPhase;
			buildActionMask = 2147483647;
			files = (
			);
			runOnlyForDeploymentPostprocessing = 0;
		};
/* End PBXSourcesBuildPhase section */

/* Begin PBXTargetDependency section */
		9A32CABE1E82C58A0097324D /* PBXTargetDependency */ = {
			isa = PBXTargetDependency;
			target = 9A32CAA21E82C58A0097324D /* FFDB */;
			targetProxy = 9A32CABD1E82C58A0097324D /* PBXContainerItemProxy */;
		};
		9A32CAC91E82C58A0097324D /* PBXTargetDependency */ = {
			isa = PBXTargetDependency;
			target = 9A32CAA21E82C58A0097324D /* FFDB */;
			targetProxy = 9A32CAC81E82C58A0097324D /* PBXContainerItemProxy */;
		};
/* End PBXTargetDependency section */

/* Begin PBXVariantGroup section */
		9A32CAAF1E82C58A0097324D /* Main.storyboard */ = {
			isa = PBXVariantGroup;
			children = (
				9A32CAB01E82C58A0097324D /* Base */,
			);
			name = Main.storyboard;
			path = ../Example;
			sourceTree = "<group>";
		};
		9A32CAB41E82C58A0097324D /* LaunchScreen.storyboard */ = {
			isa = PBXVariantGroup;
			children = (
				9A32CAB51E82C58A0097324D /* Base */,
			);
			name = LaunchScreen.storyboard;
			path = ../Example;
			sourceTree = "<group>";
		};
/* End PBXVariantGroup section */

/* Begin XCBuildConfiguration section */
		9A32CACE1E82C58A0097324D /* Debug */ = {
			isa = XCBuildConfiguration;
			buildSettings = {
				ALWAYS_SEARCH_USER_PATHS = NO;
				CLANG_ANALYZER_NONNULL = YES;
				CLANG_CXX_LANGUAGE_STANDARD = "gnu++0x";
				CLANG_CXX_LIBRARY = "libc++";
				CLANG_ENABLE_MODULES = YES;
				CLANG_ENABLE_OBJC_ARC = YES;
				CLANG_WARN_BOOL_CONVERSION = YES;
				CLANG_WARN_CONSTANT_CONVERSION = YES;
				CLANG_WARN_DIRECT_OBJC_ISA_USAGE = YES_ERROR;
				CLANG_WARN_DOCUMENTATION_COMMENTS = YES;
				CLANG_WARN_EMPTY_BODY = YES;
				CLANG_WARN_ENUM_CONVERSION = YES;
				CLANG_WARN_INFINITE_RECURSION = YES;
				CLANG_WARN_INT_CONVERSION = YES;
				CLANG_WARN_OBJC_ROOT_CLASS = YES_ERROR;
				CLANG_WARN_SUSPICIOUS_MOVE = YES;
				CLANG_WARN_UNREACHABLE_CODE = YES;
				CLANG_WARN__DUPLICATE_METHOD_MATCH = YES;
				"CODE_SIGN_IDENTITY[sdk=iphoneos*]" = "iPhone Developer";
				COPY_PHASE_STRIP = NO;
				DEBUG_INFORMATION_FORMAT = dwarf;
				ENABLE_STRICT_OBJC_MSGSEND = YES;
				ENABLE_TESTABILITY = YES;
				GCC_C_LANGUAGE_STANDARD = gnu99;
				GCC_DYNAMIC_NO_PIC = NO;
				GCC_NO_COMMON_BLOCKS = YES;
				GCC_OPTIMIZATION_LEVEL = 0;
				GCC_PREPROCESSOR_DEFINITIONS = (
					"DEBUG=1",
					"$(inherited)",
				);
				GCC_WARN_64_TO_32_BIT_CONVERSION = YES;
				GCC_WARN_ABOUT_RETURN_TYPE = YES_ERROR;
				GCC_WARN_UNDECLARED_SELECTOR = YES;
				GCC_WARN_UNINITIALIZED_AUTOS = YES_AGGRESSIVE;
				GCC_WARN_UNUSED_FUNCTION = YES;
				GCC_WARN_UNUSED_VARIABLE = YES;
				IPHONEOS_DEPLOYMENT_TARGET = 10.2;
				MTL_ENABLE_DEBUG_INFO = YES;
				ONLY_ACTIVE_ARCH = YES;
				SDKROOT = iphoneos;
			};
			name = Debug;
		};
		9A32CACF1E82C58A0097324D /* Release */ = {
			isa = XCBuildConfiguration;
			buildSettings = {
				ALWAYS_SEARCH_USER_PATHS = NO;
				CLANG_ANALYZER_NONNULL = YES;
				CLANG_CXX_LANGUAGE_STANDARD = "gnu++0x";
				CLANG_CXX_LIBRARY = "libc++";
				CLANG_ENABLE_MODULES = YES;
				CLANG_ENABLE_OBJC_ARC = YES;
				CLANG_WARN_BOOL_CONVERSION = YES;
				CLANG_WARN_CONSTANT_CONVERSION = YES;
				CLANG_WARN_DIRECT_OBJC_ISA_USAGE = YES_ERROR;
				CLANG_WARN_DOCUMENTATION_COMMENTS = YES;
				CLANG_WARN_EMPTY_BODY = YES;
				CLANG_WARN_ENUM_CONVERSION = YES;
				CLANG_WARN_INFINITE_RECURSION = YES;
				CLANG_WARN_INT_CONVERSION = YES;
				CLANG_WARN_OBJC_ROOT_CLASS = YES_ERROR;
				CLANG_WARN_SUSPICIOUS_MOVE = YES;
				CLANG_WARN_UNREACHABLE_CODE = YES;
				CLANG_WARN__DUPLICATE_METHOD_MATCH = YES;
				"CODE_SIGN_IDENTITY[sdk=iphoneos*]" = "iPhone Developer";
				COPY_PHASE_STRIP = NO;
				DEBUG_INFORMATION_FORMAT = "dwarf-with-dsym";
				ENABLE_NS_ASSERTIONS = NO;
				ENABLE_STRICT_OBJC_MSGSEND = YES;
				GCC_C_LANGUAGE_STANDARD = gnu99;
				GCC_NO_COMMON_BLOCKS = YES;
				GCC_WARN_64_TO_32_BIT_CONVERSION = YES;
				GCC_WARN_ABOUT_RETURN_TYPE = YES_ERROR;
				GCC_WARN_UNDECLARED_SELECTOR = YES;
				GCC_WARN_UNINITIALIZED_AUTOS = YES_AGGRESSIVE;
				GCC_WARN_UNUSED_FUNCTION = YES;
				GCC_WARN_UNUSED_VARIABLE = YES;
				IPHONEOS_DEPLOYMENT_TARGET = 10.2;
				MTL_ENABLE_DEBUG_INFO = NO;
				SDKROOT = iphoneos;
				VALIDATE_PRODUCT = YES;
			};
			name = Release;
		};
		9A32CAD11E82C58A0097324D /* Debug */ = {
			isa = XCBuildConfiguration;
			baseConfigurationReference = 1A7F6BC5AE4C00DBDD5385CE /* Pods-FFDB.debug.xcconfig */;
			buildSettings = {
				ASSETCATALOG_COMPILER_APPICON_NAME = AppIcon;
				DEVELOPMENT_TEAM = J3BJ7G2PUN;
				HEADER_SEARCH_PATHS = "$(SRCROOT)/FFDB";
				INFOPLIST_FILE = Example/Info.plist;
				LD_RUNPATH_SEARCH_PATHS = "$(inherited) @executable_path/Frameworks";
				PRODUCT_BUNDLE_IDENTIFIER = com.Fidetro.FFDB;
				PRODUCT_NAME = "$(TARGET_NAME)";
			};
			name = Debug;
		};
		9A32CAD21E82C58A0097324D /* Release */ = {
			isa = XCBuildConfiguration;
			baseConfigurationReference = CC342B4CDF9D60DDBF2363A2 /* Pods-FFDB.release.xcconfig */;
			buildSettings = {
				ASSETCATALOG_COMPILER_APPICON_NAME = AppIcon;
				DEVELOPMENT_TEAM = J3BJ7G2PUN;
				HEADER_SEARCH_PATHS = "$(SRCROOT)/FFDB";
				INFOPLIST_FILE = Example/Info.plist;
				LD_RUNPATH_SEARCH_PATHS = "$(inherited) @executable_path/Frameworks";
				PRODUCT_BUNDLE_IDENTIFIER = com.Fidetro.FFDB;
				PRODUCT_NAME = "$(TARGET_NAME)";
			};
			name = Release;
		};
		9A32CAD41E82C58A0097324D /* Debug */ = {
			isa = XCBuildConfiguration;
			buildSettings = {
				BUNDLE_LOADER = "$(TEST_HOST)";
				DEVELOPMENT_TEAM = J3BJ7G2PUN;
				INFOPLIST_FILE = FIDDBTests/Info.plist;
				LD_RUNPATH_SEARCH_PATHS = "$(inherited) @executable_path/Frameworks @loader_path/Frameworks";
				PRODUCT_BUNDLE_IDENTIFIER = com.Fidetro.FIDDBTests;
				PRODUCT_NAME = "$(TARGET_NAME)";
				TEST_HOST = "$(BUILT_PRODUCTS_DIR)/FFDB.app/FFDB";
			};
			name = Debug;
		};
		9A32CAD51E82C58A0097324D /* Release */ = {
			isa = XCBuildConfiguration;
			buildSettings = {
				BUNDLE_LOADER = "$(TEST_HOST)";
				DEVELOPMENT_TEAM = J3BJ7G2PUN;
				INFOPLIST_FILE = FIDDBTests/Info.plist;
				LD_RUNPATH_SEARCH_PATHS = "$(inherited) @executable_path/Frameworks @loader_path/Frameworks";
				PRODUCT_BUNDLE_IDENTIFIER = com.Fidetro.FIDDBTests;
				PRODUCT_NAME = "$(TARGET_NAME)";
				TEST_HOST = "$(BUILT_PRODUCTS_DIR)/FFDB.app/FFDB";
			};
			name = Release;
		};
		9A32CAD71E82C58A0097324D /* Debug */ = {
			isa = XCBuildConfiguration;
			buildSettings = {
				DEVELOPMENT_TEAM = J3BJ7G2PUN;
				INFOPLIST_FILE = FIDDBUITests/Info.plist;
				LD_RUNPATH_SEARCH_PATHS = "$(inherited) @executable_path/Frameworks @loader_path/Frameworks";
				PRODUCT_BUNDLE_IDENTIFIER = com.Fidetro.FIDDBUITests;
				PRODUCT_NAME = "$(TARGET_NAME)";
				TEST_TARGET_NAME = FIDDB;
			};
			name = Debug;
		};
		9A32CAD81E82C58A0097324D /* Release */ = {
			isa = XCBuildConfiguration;
			buildSettings = {
				DEVELOPMENT_TEAM = J3BJ7G2PUN;
				INFOPLIST_FILE = FIDDBUITests/Info.plist;
				LD_RUNPATH_SEARCH_PATHS = "$(inherited) @executable_path/Frameworks @loader_path/Frameworks";
				PRODUCT_BUNDLE_IDENTIFIER = com.Fidetro.FIDDBUITests;
				PRODUCT_NAME = "$(TARGET_NAME)";
				TEST_TARGET_NAME = FIDDB;
			};
			name = Release;
		};
/* End XCBuildConfiguration section */

/* Begin XCConfigurationList section */
		9A32CA9E1E82C58A0097324D /* Build configuration list for PBXProject "FFDB" */ = {
			isa = XCConfigurationList;
			buildConfigurations = (
				9A32CACE1E82C58A0097324D /* Debug */,
				9A32CACF1E82C58A0097324D /* Release */,
			);
			defaultConfigurationIsVisible = 0;
			defaultConfigurationName = Release;
		};
		9A32CAD01E82C58A0097324D /* Build configuration list for PBXNativeTarget "FFDB" */ = {
			isa = XCConfigurationList;
			buildConfigurations = (
				9A32CAD11E82C58A0097324D /* Debug */,
				9A32CAD21E82C58A0097324D /* Release */,
			);
			defaultConfigurationIsVisible = 0;
			defaultConfigurationName = Release;
		};
		9A32CAD31E82C58A0097324D /* Build configuration list for PBXNativeTarget "FFDBTests" */ = {
			isa = XCConfigurationList;
			buildConfigurations = (
				9A32CAD41E82C58A0097324D /* Debug */,
				9A32CAD51E82C58A0097324D /* Release */,
			);
			defaultConfigurationIsVisible = 0;
			defaultConfigurationName = Release;
		};
		9A32CAD61E82C58A0097324D /* Build configuration list for PBXNativeTarget "FFDBUITests" */ = {
			isa = XCConfigurationList;
			buildConfigurations = (
				9A32CAD71E82C58A0097324D /* Debug */,
				9A32CAD81E82C58A0097324D /* Release */,
			);
			defaultConfigurationIsVisible = 0;
			defaultConfigurationName = Release;
		};
/* End XCConfigurationList section */
	};
	rootObject = 9A32CA9B1E82C58A0097324D /* Project object */;
}
